// !$*UTF8*$!
{
	archiveVersion = 1;
	classes = {
	};
	objectVersion = 50;
	objects = {

/* Begin PBXBuildFile section */
		4A182D46FF27C62FE707F66A /* Pods_hack_iOS.framework in Frameworks */ = {isa = PBXBuildFile; fileRef = F6D25D4E1EE78B0522D6B208 /* Pods_hack_iOS.framework */; };
		6A1EFBB625F66AE600D7539C /* AppDelegate.swift in Sources */ = {isa = PBXBuildFile; fileRef = 6A1EFBB525F66AE600D7539C /* AppDelegate.swift */; };
		6A1EFBB825F66AE600D7539C /* SceneDelegate.swift in Sources */ = {isa = PBXBuildFile; fileRef = 6A1EFBB725F66AE600D7539C /* SceneDelegate.swift */; };
		6A1EFBBA25F66AE600D7539C /* ViewController.swift in Sources */ = {isa = PBXBuildFile; fileRef = 6A1EFBB925F66AE600D7539C /* ViewController.swift */; };
		6A1EFBBD25F66AE600D7539C /* Main.storyboard in Resources */ = {isa = PBXBuildFile; fileRef = 6A1EFBBB25F66AE600D7539C /* Main.storyboard */; };
		6A1EFBBF25F66AE700D7539C /* Assets.xcassets in Resources */ = {isa = PBXBuildFile; fileRef = 6A1EFBBE25F66AE700D7539C /* Assets.xcassets */; };
		6A1EFBC225F66AE700D7539C /* LaunchScreen.storyboard in Resources */ = {isa = PBXBuildFile; fileRef = 6A1EFBC025F66AE700D7539C /* LaunchScreen.storyboard */; };
		6A1EFBCD25F66AE700D7539C /* hack_iOSTests.swift in Sources */ = {isa = PBXBuildFile; fileRef = 6A1EFBCC25F66AE700D7539C /* hack_iOSTests.swift */; };
		6A1EFBD825F66AE700D7539C /* hack_iOSUITests.swift in Sources */ = {isa = PBXBuildFile; fileRef = 6A1EFBD725F66AE700D7539C /* hack_iOSUITests.swift */; };
		6E0424BE44FAF5CBA460A35C /* Pods_hack_iOSTests.framework in Frameworks */ = {isa = PBXBuildFile; fileRef = 038435C6B4E5D12EB54FF3B5 /* Pods_hack_iOSTests.framework */; };
		7D715EF4E177717D04D109A9 /* Pods_hack_iOS_hack_iOSUITests.framework in Frameworks */ = {isa = PBXBuildFile; fileRef = 8D3134C21FF699830E0D6248 /* Pods_hack_iOS_hack_iOSUITests.framework */; };
/* End PBXBuildFile section */

/* Begin PBXContainerItemProxy section */
		6A1EFBC925F66AE700D7539C /* PBXContainerItemProxy */ = {
			isa = PBXContainerItemProxy;
			containerPortal = 6A1EFBAA25F66AE600D7539C /* Project object */;
			proxyType = 1;
			remoteGlobalIDString = 6A1EFBB125F66AE600D7539C;
			remoteInfo = hack_iOS;
		};
		6A1EFBD425F66AE700D7539C /* PBXContainerItemProxy */ = {
			isa = PBXContainerItemProxy;
			containerPortal = 6A1EFBAA25F66AE600D7539C /* Project object */;
			proxyType = 1;
			remoteGlobalIDString = 6A1EFBB125F66AE600D7539C;
			remoteInfo = hack_iOS;
		};
/* End PBXContainerItemProxy section */

/* Begin PBXFileReference section */
		038435C6B4E5D12EB54FF3B5 /* Pods_hack_iOSTests.framework */ = {isa = PBXFileReference; explicitFileType = wrapper.framework; includeInIndex = 0; path = Pods_hack_iOSTests.framework; sourceTree = BUILT_PRODUCTS_DIR; };
		292634776031DC238F354DE5 /* Pods-hack_iOS-hack_iOSUITests.debug.xcconfig */ = {isa = PBXFileReference; includeInIndex = 1; lastKnownFileType = text.xcconfig; name = "Pods-hack_iOS-hack_iOSUITests.debug.xcconfig"; path = "Target Support Files/Pods-hack_iOS-hack_iOSUITests/Pods-hack_iOS-hack_iOSUITests.debug.xcconfig"; sourceTree = "<group>"; };
		4809E2D952C901F14F827ED8 /* Pods-hack_iOSTests.debug.xcconfig */ = {isa = PBXFileReference; includeInIndex = 1; lastKnownFileType = text.xcconfig; name = "Pods-hack_iOSTests.debug.xcconfig"; path = "Target Support Files/Pods-hack_iOSTests/Pods-hack_iOSTests.debug.xcconfig"; sourceTree = "<group>"; };
		6A1EFBB225F66AE600D7539C /* hack_iOS.app */ = {isa = PBXFileReference; explicitFileType = wrapper.application; includeInIndex = 0; path = hack_iOS.app; sourceTree = BUILT_PRODUCTS_DIR; };
		6A1EFBB525F66AE600D7539C /* AppDelegate.swift */ = {isa = PBXFileReference; lastKnownFileType = sourcecode.swift; path = AppDelegate.swift; sourceTree = "<group>"; };
		6A1EFBB725F66AE600D7539C /* SceneDelegate.swift */ = {isa = PBXFileReference; lastKnownFileType = sourcecode.swift; path = SceneDelegate.swift; sourceTree = "<group>"; };
		6A1EFBB925F66AE600D7539C /* ViewController.swift */ = {isa = PBXFileReference; lastKnownFileType = sourcecode.swift; path = ViewController.swift; sourceTree = "<group>"; };
		6A1EFBBC25F66AE600D7539C /* Base */ = {isa = PBXFileReference; lastKnownFileType = file.storyboard; name = Base; path = Base.lproj/Main.storyboard; sourceTree = "<group>"; };
		6A1EFBBE25F66AE700D7539C /* Assets.xcassets */ = {isa = PBXFileReference; lastKnownFileType = folder.assetcatalog; path = Assets.xcassets; sourceTree = "<group>"; };
		6A1EFBC125F66AE700D7539C /* Base */ = {isa = PBXFileReference; lastKnownFileType = file.storyboard; name = Base; path = Base.lproj/LaunchScreen.storyboard; sourceTree = "<group>"; };
		6A1EFBC325F66AE700D7539C /* Info.plist */ = {isa = PBXFileReference; lastKnownFileType = text.plist.xml; path = Info.plist; sourceTree = "<group>"; };
		6A1EFBC825F66AE700D7539C /* hack_iOSTests.xctest */ = {isa = PBXFileReference; explicitFileType = wrapper.cfbundle; includeInIndex = 0; path = hack_iOSTests.xctest; sourceTree = BUILT_PRODUCTS_DIR; };
		6A1EFBCC25F66AE700D7539C /* hack_iOSTests.swift */ = {isa = PBXFileReference; lastKnownFileType = sourcecode.swift; path = hack_iOSTests.swift; sourceTree = "<group>"; };
		6A1EFBCE25F66AE700D7539C /* Info.plist */ = {isa = PBXFileReference; lastKnownFileType = text.plist.xml; path = Info.plist; sourceTree = "<group>"; };
		6A1EFBD325F66AE700D7539C /* hack_iOSUITests.xctest */ = {isa = PBXFileReference; explicitFileType = wrapper.cfbundle; includeInIndex = 0; path = hack_iOSUITests.xctest; sourceTree = BUILT_PRODUCTS_DIR; };
		6A1EFBD725F66AE700D7539C /* hack_iOSUITests.swift */ = {isa = PBXFileReference; lastKnownFileType = sourcecode.swift; path = hack_iOSUITests.swift; sourceTree = "<group>"; };
		6A1EFBD925F66AE700D7539C /* Info.plist */ = {isa = PBXFileReference; lastKnownFileType = text.plist.xml; path = Info.plist; sourceTree = "<group>"; };
		7D95959483D04B487D6C22C3 /* Pods-hack_iOS-hack_iOSUITests.release.xcconfig */ = {isa = PBXFileReference; includeInIndex = 1; lastKnownFileType = text.xcconfig; name = "Pods-hack_iOS-hack_iOSUITests.release.xcconfig"; path = "Target Support Files/Pods-hack_iOS-hack_iOSUITests/Pods-hack_iOS-hack_iOSUITests.release.xcconfig"; sourceTree = "<group>"; };
		8D3134C21FF699830E0D6248 /* Pods_hack_iOS_hack_iOSUITests.framework */ = {isa = PBXFileReference; explicitFileType = wrapper.framework; includeInIndex = 0; path = Pods_hack_iOS_hack_iOSUITests.framework; sourceTree = BUILT_PRODUCTS_DIR; };
		AF2EC28BB86EF4D4A2D74A82 /* Pods-hack_iOS.release.xcconfig */ = {isa = PBXFileReference; includeInIndex = 1; lastKnownFileType = text.xcconfig; name = "Pods-hack_iOS.release.xcconfig"; path = "Target Support Files/Pods-hack_iOS/Pods-hack_iOS.release.xcconfig"; sourceTree = "<group>"; };
		DD4104D3BCB8E456EEF1F998 /* Pods-hack_iOSTests.release.xcconfig */ = {isa = PBXFileReference; includeInIndex = 1; lastKnownFileType = text.xcconfig; name = "Pods-hack_iOSTests.release.xcconfig"; path = "Target Support Files/Pods-hack_iOSTests/Pods-hack_iOSTests.release.xcconfig"; sourceTree = "<group>"; };
		E360CE4236FDDA13C34F31BB /* Pods-hack_iOS.debug.xcconfig */ = {isa = PBXFileReference; includeInIndex = 1; lastKnownFileType = text.xcconfig; name = "Pods-hack_iOS.debug.xcconfig"; path = "Target Support Files/Pods-hack_iOS/Pods-hack_iOS.debug.xcconfig"; sourceTree = "<group>"; };
		F6D25D4E1EE78B0522D6B208 /* Pods_hack_iOS.framework */ = {isa = PBXFileReference; explicitFileType = wrapper.framework; includeInIndex = 0; path = Pods_hack_iOS.framework; sourceTree = BUILT_PRODUCTS_DIR; };
/* End PBXFileReference section */

/* Begin PBXFrameworksBuildPhase section */
		6A1EFBAF25F66AE600D7539C /* Frameworks */ = {
			isa = PBXFrameworksBuildPhase;
			buildActionMask = 2147483647;
			files = (
				4A182D46FF27C62FE707F66A /* Pods_hack_iOS.framework in Frameworks */,
			);
			runOnlyForDeploymentPostprocessing = 0;
		};
		6A1EFBC525F66AE700D7539C /* Frameworks */ = {
			isa = PBXFrameworksBuildPhase;
			buildActionMask = 2147483647;
			files = (
				6E0424BE44FAF5CBA460A35C /* Pods_hack_iOSTests.framework in Frameworks */,
			);
			runOnlyForDeploymentPostprocessing = 0;
		};
		6A1EFBD025F66AE700D7539C /* Frameworks */ = {
			isa = PBXFrameworksBuildPhase;
			buildActionMask = 2147483647;
			files = (
				7D715EF4E177717D04D109A9 /* Pods_hack_iOS_hack_iOSUITests.framework in Frameworks */,
			);
			runOnlyForDeploymentPostprocessing = 0;
		};
/* End PBXFrameworksBuildPhase section */

/* Begin PBXGroup section */
		4DC8E1D8E0BD7C58B0A56DF8 /* Pods */ = {
			isa = PBXGroup;
			children = (
				E360CE4236FDDA13C34F31BB /* Pods-hack_iOS.debug.xcconfig */,
				AF2EC28BB86EF4D4A2D74A82 /* Pods-hack_iOS.release.xcconfig */,
				292634776031DC238F354DE5 /* Pods-hack_iOS-hack_iOSUITests.debug.xcconfig */,
				7D95959483D04B487D6C22C3 /* Pods-hack_iOS-hack_iOSUITests.release.xcconfig */,
				4809E2D952C901F14F827ED8 /* Pods-hack_iOSTests.debug.xcconfig */,
				DD4104D3BCB8E456EEF1F998 /* Pods-hack_iOSTests.release.xcconfig */,
			);
			name = Pods;
			path = Pods;
			sourceTree = "<group>";
		};
		6A1EFBA925F66AE600D7539C = {
			isa = PBXGroup;
			children = (
				6A1EFBB425F66AE600D7539C /* hack_iOS */,
				6A1EFBCB25F66AE700D7539C /* hack_iOSTests */,
				6A1EFBD625F66AE700D7539C /* hack_iOSUITests */,
				6A1EFBB325F66AE600D7539C /* Products */,
				4DC8E1D8E0BD7C58B0A56DF8 /* Pods */,
				AC8F370B6D4C36E10CC3BE0E /* Frameworks */,
			);
			sourceTree = "<group>";
		};
		6A1EFBB325F66AE600D7539C /* Products */ = {
			isa = PBXGroup;
			children = (
				6A1EFBB225F66AE600D7539C /* hack_iOS.app */,
				6A1EFBC825F66AE700D7539C /* hack_iOSTests.xctest */,
				6A1EFBD325F66AE700D7539C /* hack_iOSUITests.xctest */,
			);
			name = Products;
			sourceTree = "<group>";
		};
		6A1EFBB425F66AE600D7539C /* hack_iOS */ = {
			isa = PBXGroup;
			children = (
				6A1EFBB525F66AE600D7539C /* AppDelegate.swift */,
				6A1EFBB725F66AE600D7539C /* SceneDelegate.swift */,
				6A1EFBB925F66AE600D7539C /* ViewController.swift */,
				6A1EFBBB25F66AE600D7539C /* Main.storyboard */,
				6A1EFBBE25F66AE700D7539C /* Assets.xcassets */,
				6A1EFBC025F66AE700D7539C /* LaunchScreen.storyboard */,
				6A1EFBC325F66AE700D7539C /* Info.plist */,
			);
			path = hack_iOS;
			sourceTree = "<group>";
		};
		6A1EFBCB25F66AE700D7539C /* hack_iOSTests */ = {
			isa = PBXGroup;
			children = (
				6A1EFBCC25F66AE700D7539C /* hack_iOSTests.swift */,
				6A1EFBCE25F66AE700D7539C /* Info.plist */,
			);
			path = hack_iOSTests;
			sourceTree = "<group>";
		};
		6A1EFBD625F66AE700D7539C /* hack_iOSUITests */ = {
			isa = PBXGroup;
			children = (
				6A1EFBD725F66AE700D7539C /* hack_iOSUITests.swift */,
				6A1EFBD925F66AE700D7539C /* Info.plist */,
			);
			path = hack_iOSUITests;
			sourceTree = "<group>";
		};
		AC8F370B6D4C36E10CC3BE0E /* Frameworks */ = {
			isa = PBXGroup;
			children = (
				F6D25D4E1EE78B0522D6B208 /* Pods_hack_iOS.framework */,
				8D3134C21FF699830E0D6248 /* Pods_hack_iOS_hack_iOSUITests.framework */,
				038435C6B4E5D12EB54FF3B5 /* Pods_hack_iOSTests.framework */,
			);
			name = Frameworks;
			sourceTree = "<group>";
		};
/* End PBXGroup section */

/* Begin PBXNativeTarget section */
		6A1EFBB125F66AE600D7539C /* hack_iOS */ = {
			isa = PBXNativeTarget;
			buildConfigurationList = 6A1EFBDC25F66AE700D7539C /* Build configuration list for PBXNativeTarget "hack_iOS" */;
			buildPhases = (
				F943E0C2D90364E7BD92B60D /* [CP] Check Pods Manifest.lock */,
				6A1EFBAE25F66AE600D7539C /* Sources */,
				6A1EFBAF25F66AE600D7539C /* Frameworks */,
				6A1EFBB025F66AE600D7539C /* Resources */,
			);
			buildRules = (
			);
			dependencies = (
			);
			name = hack_iOS;
			productName = hack_iOS;
			productReference = 6A1EFBB225F66AE600D7539C /* hack_iOS.app */;
			productType = "com.apple.product-type.application";
		};
		6A1EFBC725F66AE700D7539C /* hack_iOSTests */ = {
			isa = PBXNativeTarget;
			buildConfigurationList = 6A1EFBDF25F66AE700D7539C /* Build configuration list for PBXNativeTarget "hack_iOSTests" */;
			buildPhases = (
				562687E0B28D6BB00BD4F251 /* [CP] Check Pods Manifest.lock */,
				6A1EFBC425F66AE700D7539C /* Sources */,
				6A1EFBC525F66AE700D7539C /* Frameworks */,
				6A1EFBC625F66AE700D7539C /* Resources */,
			);
			buildRules = (
			);
			dependencies = (
				6A1EFBCA25F66AE700D7539C /* PBXTargetDependency */,
			);
			name = hack_iOSTests;
			productName = hack_iOSTests;
			productReference = 6A1EFBC825F66AE700D7539C /* hack_iOSTests.xctest */;
			productType = "com.apple.product-type.bundle.unit-test";
		};
		6A1EFBD225F66AE700D7539C /* hack_iOSUITests */ = {
			isa = PBXNativeTarget;
			buildConfigurationList = 6A1EFBE225F66AE700D7539C /* Build configuration list for PBXNativeTarget "hack_iOSUITests" */;
			buildPhases = (
				AF76602641D3E5E49F2FA2A3 /* [CP] Check Pods Manifest.lock */,
				6A1EFBCF25F66AE700D7539C /* Sources */,
				6A1EFBD025F66AE700D7539C /* Frameworks */,
				6A1EFBD125F66AE700D7539C /* Resources */,
			);
			buildRules = (
			);
			dependencies = (
				6A1EFBD525F66AE700D7539C /* PBXTargetDependency */,
			);
			name = hack_iOSUITests;
			productName = hack_iOSUITests;
			productReference = 6A1EFBD325F66AE700D7539C /* hack_iOSUITests.xctest */;
			productType = "com.apple.product-type.bundle.ui-testing";
		};
/* End PBXNativeTarget section */

/* Begin PBXProject section */
		6A1EFBAA25F66AE600D7539C /* Project object */ = {
			isa = PBXProject;
			attributes = {
				LastSwiftUpdateCheck = 1240;
				LastUpgradeCheck = 1240;
				TargetAttributes = {
					6A1EFBB125F66AE600D7539C = {
						CreatedOnToolsVersion = 12.4;
					};
					6A1EFBC725F66AE700D7539C = {
						CreatedOnToolsVersion = 12.4;
						TestTargetID = 6A1EFBB125F66AE600D7539C;
					};
					6A1EFBD225F66AE700D7539C = {
						CreatedOnToolsVersion = 12.4;
						TestTargetID = 6A1EFBB125F66AE600D7539C;
					};
				};
			};
			buildConfigurationList = 6A1EFBAD25F66AE600D7539C /* Build configuration list for PBXProject "hack_iOS" */;
			compatibilityVersion = "Xcode 9.3";
			developmentRegion = en;
			hasScannedForEncodings = 0;
			knownRegions = (
				en,
				Base,
			);
			mainGroup = 6A1EFBA925F66AE600D7539C;
			productRefGroup = 6A1EFBB325F66AE600D7539C /* Products */;
			projectDirPath = "";
			projectRoot = "";
			targets = (
				6A1EFBB125F66AE600D7539C /* hack_iOS */,
				6A1EFBC725F66AE700D7539C /* hack_iOSTests */,
				6A1EFBD225F66AE700D7539C /* hack_iOSUITests */,
			);
		};
/* End PBXProject section */

/* Begin PBXResourcesBuildPhase section */
		6A1EFBB025F66AE600D7539C /* Resources */ = {
			isa = PBXResourcesBuildPhase;
			buildActionMask = 2147483647;
			files = (
				6A1EFBC225F66AE700D7539C /* LaunchScreen.storyboard in Resources */,
				6A1EFBBF25F66AE700D7539C /* Assets.xcassets in Resources */,
				6A1EFBBD25F66AE600D7539C /* Main.storyboard in Resources */,
			);
			runOnlyForDeploymentPostprocessing = 0;
		};
		6A1EFBC625F66AE700D7539C /* Resources */ = {
			isa = PBXResourcesBuildPhase;
			buildActionMask = 2147483647;
			files = (
			);
			runOnlyForDeploymentPostprocessing = 0;
		};
		6A1EFBD125F66AE700D7539C /* Resources */ = {
			isa = PBXResourcesBuildPhase;
			buildActionMask = 2147483647;
			files = (
			);
			runOnlyForDeploymentPostprocessing = 0;
		};
/* End PBXResourcesBuildPhase section */

/* Begin PBXShellScriptBuildPhase section */
		562687E0B28D6BB00BD4F251 /* [CP] Check Pods Manifest.lock */ = {
			isa = PBXShellScriptBuildPhase;
			buildActionMask = 2147483647;
			files = (
			);
			inputFileListPaths = (
			);
			inputPaths = (
				"${PODS_PODFILE_DIR_PATH}/Podfile.lock",
				"${PODS_ROOT}/Manifest.lock",
			);
			name = "[CP] Check Pods Manifest.lock";
			outputFileListPaths = (
			);
			outputPaths = (
				"$(DERIVED_FILE_DIR)/Pods-hack_iOSTests-checkManifestLockResult.txt",
			);
			runOnlyForDeploymentPostprocessing = 0;
			shellPath = /bin/sh;
			shellScript = "diff \"${PODS_PODFILE_DIR_PATH}/Podfile.lock\" \"${PODS_ROOT}/Manifest.lock\" > /dev/null\nif [ $? != 0 ] ; then\n    # print error to STDERR\n    echo \"error: The sandbox is not in sync with the Podfile.lock. Run 'pod install' or update your CocoaPods installation.\" >&2\n    exit 1\nfi\n# This output is used by Xcode 'outputs' to avoid re-running this script phase.\necho \"SUCCESS\" > \"${SCRIPT_OUTPUT_FILE_0}\"\n";
			showEnvVarsInLog = 0;
		};
		AF76602641D3E5E49F2FA2A3 /* [CP] Check Pods Manifest.lock */ = {
			isa = PBXShellScriptBuildPhase;
			buildActionMask = 2147483647;
			files = (
			);
			inputFileListPaths = (
			);
			inputPaths = (
				"${PODS_PODFILE_DIR_PATH}/Podfile.lock",
				"${PODS_ROOT}/Manifest.lock",
			);
			name = "[CP] Check Pods Manifest.lock";
			outputFileListPaths = (
			);
			outputPaths = (
				"$(DERIVED_FILE_DIR)/Pods-hack_iOS-hack_iOSUITests-checkManifestLockResult.txt",
			);
			runOnlyForDeploymentPostprocessing = 0;
			shellPath = /bin/sh;
			shellScript = "diff \"${PODS_PODFILE_DIR_PATH}/Podfile.lock\" \"${PODS_ROOT}/Manifest.lock\" > /dev/null\nif [ $? != 0 ] ; then\n    # print error to STDERR\n    echo \"error: The sandbox is not in sync with the Podfile.lock. Run 'pod install' or update your CocoaPods installation.\" >&2\n    exit 1\nfi\n# This output is used by Xcode 'outputs' to avoid re-running this script phase.\necho \"SUCCESS\" > \"${SCRIPT_OUTPUT_FILE_0}\"\n";
			showEnvVarsInLog = 0;
		};
		F943E0C2D90364E7BD92B60D /* [CP] Check Pods Manifest.lock */ = {
			isa = PBXShellScriptBuildPhase;
			buildActionMask = 2147483647;
			files = (
			);
			inputFileListPaths = (
			);
			inputPaths = (
				"${PODS_PODFILE_DIR_PATH}/Podfile.lock",
				"${PODS_ROOT}/Manifest.lock",
			);
			name = "[CP] Check Pods Manifest.lock";
			outputFileListPaths = (
			);
			outputPaths = (
				"$(DERIVED_FILE_DIR)/Pods-hack_iOS-checkManifestLockResult.txt",
			);
			runOnlyForDeploymentPostprocessing = 0;
			shellPath = /bin/sh;
			shellScript = "diff \"${PODS_PODFILE_DIR_PATH}/Podfile.lock\" \"${PODS_ROOT}/Manifest.lock\" > /dev/null\nif [ $? != 0 ] ; then\n    # print error to STDERR\n    echo \"error: The sandbox is not in sync with the Podfile.lock. Run 'pod install' or update your CocoaPods installation.\" >&2\n    exit 1\nfi\n# This output is used by Xcode 'outputs' to avoid re-running this script phase.\necho \"SUCCESS\" > \"${SCRIPT_OUTPUT_FILE_0}\"\n";
			showEnvVarsInLog = 0;
		};
/* End PBXShellScriptBuildPhase section */

/* Begin PBXSourcesBuildPhase section */
		6A1EFBAE25F66AE600D7539C /* Sources */ = {
			isa = PBXSourcesBuildPhase;
			buildActionMask = 2147483647;
			files = (
				6A1EFBBA25F66AE600D7539C /* ViewController.swift in Sources */,
				6A1EFBB625F66AE600D7539C /* AppDelegate.swift in Sources */,
				6A1EFBB825F66AE600D7539C /* SceneDelegate.swift in Sources */,
			);
			runOnlyForDeploymentPostprocessing = 0;
		};
		6A1EFBC425F66AE700D7539C /* Sources */ = {
			isa = PBXSourcesBuildPhase;
			buildActionMask = 2147483647;
			files = (
				6A1EFBCD25F66AE700D7539C /* hack_iOSTests.swift in Sources */,
			);
			runOnlyForDeploymentPostprocessing = 0;
		};
		6A1EFBCF25F66AE700D7539C /* Sources */ = {
			isa = PBXSourcesBuildPhase;
			buildActionMask = 2147483647;
			files = (
				6A1EFBD825F66AE700D7539C /* hack_iOSUITests.swift in Sources */,
			);
			runOnlyForDeploymentPostprocessing = 0;
		};
/* End PBXSourcesBuildPhase section */

/* Begin PBXTargetDependency section */
		6A1EFBCA25F66AE700D7539C /* PBXTargetDependency */ = {
			isa = PBXTargetDependency;
			target = 6A1EFBB125F66AE600D7539C /* hack_iOS */;
			targetProxy = 6A1EFBC925F66AE700D7539C /* PBXContainerItemProxy */;
		};
		6A1EFBD525F66AE700D7539C /* PBXTargetDependency */ = {
			isa = PBXTargetDependency;
			target = 6A1EFBB125F66AE600D7539C /* hack_iOS */;
			targetProxy = 6A1EFBD425F66AE700D7539C /* PBXContainerItemProxy */;
		};
/* End PBXTargetDependency section */

/* Begin PBXVariantGroup section */
		6A1EFBBB25F66AE600D7539C /* Main.storyboard */ = {
			isa = PBXVariantGroup;
			children = (
				6A1EFBBC25F66AE600D7539C /* Base */,
			);
			name = Main.storyboard;
			sourceTree = "<group>";
		};
		6A1EFBC025F66AE700D7539C /* LaunchScreen.storyboard */ = {
			isa = PBXVariantGroup;
			children = (
				6A1EFBC125F66AE700D7539C /* Base */,
			);
			name = LaunchScreen.storyboard;
			sourceTree = "<group>";
		};
/* End PBXVariantGroup section */

/* Begin XCBuildConfiguration section */
		6A1EFBDA25F66AE700D7539C /* Debug */ = {
			isa = XCBuildConfiguration;
			buildSettings = {
				ALWAYS_SEARCH_USER_PATHS = NO;
				CLANG_ANALYZER_NONNULL = YES;
				CLANG_ANALYZER_NUMBER_OBJECT_CONVERSION = YES_AGGRESSIVE;
				CLANG_CXX_LANGUAGE_STANDARD = "gnu++14";
				CLANG_CXX_LIBRARY = "libc++";
				CLANG_ENABLE_MODULES = YES;
				CLANG_ENABLE_OBJC_ARC = YES;
				CLANG_ENABLE_OBJC_WEAK = YES;
				CLANG_WARN_BLOCK_CAPTURE_AUTORELEASING = YES;
				CLANG_WARN_BOOL_CONVERSION = YES;
				CLANG_WARN_COMMA = YES;
				CLANG_WARN_CONSTANT_CONVERSION = YES;
				CLANG_WARN_DEPRECATED_OBJC_IMPLEMENTATIONS = YES;
				CLANG_WARN_DIRECT_OBJC_ISA_USAGE = YES_ERROR;
				CLANG_WARN_DOCUMENTATION_COMMENTS = YES;
				CLANG_WARN_EMPTY_BODY = YES;
				CLANG_WARN_ENUM_CONVERSION = YES;
				CLANG_WARN_INFINITE_RECURSION = YES;
				CLANG_WARN_INT_CONVERSION = YES;
				CLANG_WARN_NON_LITERAL_NULL_CONVERSION = YES;
				CLANG_WARN_OBJC_IMPLICIT_RETAIN_SELF = YES;
				CLANG_WARN_OBJC_LITERAL_CONVERSION = YES;
				CLANG_WARN_OBJC_ROOT_CLASS = YES_ERROR;
				CLANG_WARN_QUOTED_INCLUDE_IN_FRAMEWORK_HEADER = YES;
				CLANG_WARN_RANGE_LOOP_ANALYSIS = YES;
				CLANG_WARN_STRICT_PROTOTYPES = YES;
				CLANG_WARN_SUSPICIOUS_MOVE = YES;
				CLANG_WARN_UNGUARDED_AVAILABILITY = YES_AGGRESSIVE;
				CLANG_WARN_UNREACHABLE_CODE = YES;
				CLANG_WARN__DUPLICATE_METHOD_MATCH = YES;
				COPY_PHASE_STRIP = NO;
				DEBUG_INFORMATION_FORMAT = dwarf;
				ENABLE_STRICT_OBJC_MSGSEND = YES;
				ENABLE_TESTABILITY = YES;
				GCC_C_LANGUAGE_STANDARD = gnu11;
				GCC_DYNAMIC_NO_PIC = NO;
				GCC_NO_COMMON_BLOCKS = YES;
				GCC_OPTIMIZATION_LEVEL = 0;
				GCC_PREPROCESSOR_DEFINITIONS = (
					"DEBUG=1",
					"$(inherited)",
				);
				GCC_WARN_64_TO_32_BIT_CONVERSION = YES;
				GCC_WARN_ABOUT_RETURN_TYPE = YES_ERROR;
				GCC_WARN_UNDECLARED_SELECTOR = YES;
				GCC_WARN_UNINITIALIZED_AUTOS = YES_AGGRESSIVE;
				GCC_WARN_UNUSED_FUNCTION = YES;
				GCC_WARN_UNUSED_VARIABLE = YES;
				IPHONEOS_DEPLOYMENT_TARGET = 14.4;
				MTL_ENABLE_DEBUG_INFO = INCLUDE_SOURCE;
				MTL_FAST_MATH = YES;
				ONLY_ACTIVE_ARCH = YES;
				SDKROOT = iphoneos;
				SWIFT_ACTIVE_COMPILATION_CONDITIONS = DEBUG;
				SWIFT_OPTIMIZATION_LEVEL = "-Onone";
			};
			name = Debug;
		};
		6A1EFBDB25F66AE700D7539C /* Release */ = {
			isa = XCBuildConfiguration;
			buildSettings = {
				ALWAYS_SEARCH_USER_PATHS = NO;
				CLANG_ANALYZER_NONNULL = YES;
				CLANG_ANALYZER_NUMBER_OBJECT_CONVERSION = YES_AGGRESSIVE;
				CLANG_CXX_LANGUAGE_STANDARD = "gnu++14";
				CLANG_CXX_LIBRARY = "libc++";
				CLANG_ENABLE_MODULES = YES;
				CLANG_ENABLE_OBJC_ARC = YES;
				CLANG_ENABLE_OBJC_WEAK = YES;
				CLANG_WARN_BLOCK_CAPTURE_AUTORELEASING = YES;
				CLANG_WARN_BOOL_CONVERSION = YES;
				CLANG_WARN_COMMA = YES;
				CLANG_WARN_CONSTANT_CONVERSION = YES;
				CLANG_WARN_DEPRECATED_OBJC_IMPLEMENTATIONS = YES;
				CLANG_WARN_DIRECT_OBJC_ISA_USAGE = YES_ERROR;
				CLANG_WARN_DOCUMENTATION_COMMENTS = YES;
				CLANG_WARN_EMPTY_BODY = YES;
				CLANG_WARN_ENUM_CONVERSION = YES;
				CLANG_WARN_INFINITE_RECURSION = YES;
				CLANG_WARN_INT_CONVERSION = YES;
				CLANG_WARN_NON_LITERAL_NULL_CONVERSION = YES;
				CLANG_WARN_OBJC_IMPLICIT_RETAIN_SELF = YES;
				CLANG_WARN_OBJC_LITERAL_CONVERSION = YES;
				CLANG_WARN_OBJC_ROOT_CLASS = YES_ERROR;
				CLANG_WARN_QUOTED_INCLUDE_IN_FRAMEWORK_HEADER = YES;
				CLANG_WARN_RANGE_LOOP_ANALYSIS = YES;
				CLANG_WARN_STRICT_PROTOTYPES = YES;
				CLANG_WARN_SUSPICIOUS_MOVE = YES;
				CLANG_WARN_UNGUARDED_AVAILABILITY = YES_AGGRESSIVE;
				CLANG_WARN_UNREACHABLE_CODE = YES;
				CLANG_WARN__DUPLICATE_METHOD_MATCH = YES;
				COPY_PHASE_STRIP = NO;
				DEBUG_INFORMATION_FORMAT = "dwarf-with-dsym";
				ENABLE_NS_ASSERTIONS = NO;
				ENABLE_STRICT_OBJC_MSGSEND = YES;
				GCC_C_LANGUAGE_STANDARD = gnu11;
				GCC_NO_COMMON_BLOCKS = YES;
				GCC_WARN_64_TO_32_BIT_CONVERSION = YES;
				GCC_WARN_ABOUT_RETURN_TYPE = YES_ERROR;
				GCC_WARN_UNDECLARED_SELECTOR = YES;
				GCC_WARN_UNINITIALIZED_AUTOS = YES_AGGRESSIVE;
				GCC_WARN_UNUSED_FUNCTION = YES;
				GCC_WARN_UNUSED_VARIABLE = YES;
				IPHONEOS_DEPLOYMENT_TARGET = 14.4;
				MTL_ENABLE_DEBUG_INFO = NO;
				MTL_FAST_MATH = YES;
				SDKROOT = iphoneos;
				SWIFT_COMPILATION_MODE = wholemodule;
				SWIFT_OPTIMIZATION_LEVEL = "-O";
				VALIDATE_PRODUCT = YES;
			};
			name = Release;
		};
		6A1EFBDD25F66AE700D7539C /* Debug */ = {
			isa = XCBuildConfiguration;
			baseConfigurationReference = E360CE4236FDDA13C34F31BB /* Pods-hack_iOS.debug.xcconfig */;
			buildSettings = {
				ASSETCATALOG_COMPILER_APPICON_NAME = AppIcon;
				ASSETCATALOG_COMPILER_GLOBAL_ACCENT_COLOR_NAME = AccentColor;
				CODE_SIGN_STYLE = Automatic;
				DEVELOPMENT_TEAM = H24YQ27P27;
				INFOPLIST_FILE = hack_iOS/Info.plist;
				LD_RUNPATH_SEARCH_PATHS = (
					"$(inherited)",
					"@executable_path/Frameworks",
				);
				PRODUCT_BUNDLE_IDENTIFIER = "com.taisei-yamane.hack-iOS";
				PRODUCT_NAME = "$(TARGET_NAME)";
				SWIFT_VERSION = 5.0;
				TARGETED_DEVICE_FAMILY = "1,2";
			};
			name = Debug;
		};
		6A1EFBDE25F66AE700D7539C /* Release */ = {
			isa = XCBuildConfiguration;
			baseConfigurationReference = AF2EC28BB86EF4D4A2D74A82 /* Pods-hack_iOS.release.xcconfig */;
			buildSettings = {
				ASSETCATALOG_COMPILER_APPICON_NAME = AppIcon;
				ASSETCATALOG_COMPILER_GLOBAL_ACCENT_COLOR_NAME = AccentColor;
				CODE_SIGN_STYLE = Automatic;
				DEVELOPMENT_TEAM = H24YQ27P27;
				INFOPLIST_FILE = hack_iOS/Info.plist;
				LD_RUNPATH_SEARCH_PATHS = (
					"$(inherited)",
					"@executable_path/Frameworks",
				);
				PRODUCT_BUNDLE_IDENTIFIER = "com.taisei-yamane.hack-iOS";
				PRODUCT_NAME = "$(TARGET_NAME)";
				SWIFT_VERSION = 5.0;
				TARGETED_DEVICE_FAMILY = "1,2";
			};
			name = Release;
		};
		6A1EFBE025F66AE700D7539C /* Debug */ = {
			isa = XCBuildConfiguration;
			baseConfigurationReference = 4809E2D952C901F14F827ED8 /* Pods-hack_iOSTests.debug.xcconfig */;
			buildSettings = {
				ALWAYS_EMBED_SWIFT_STANDARD_LIBRARIES = YES;
				BUNDLE_LOADER = "$(TEST_HOST)";
				CODE_SIGN_STYLE = Automatic;
				DEVELOPMENT_TEAM = H24YQ27P27;
				INFOPLIST_FILE = hack_iOSTests/Info.plist;
				IPHONEOS_DEPLOYMENT_TARGET = 14.4;
				LD_RUNPATH_SEARCH_PATHS = (
					"$(inherited)",
					"@executable_path/Frameworks",
					"@loader_path/Frameworks",
				);
				PRODUCT_BUNDLE_IDENTIFIER = "com.taisei-yamane.hack-iOSTests";
				PRODUCT_NAME = "$(TARGET_NAME)";
				SWIFT_VERSION = 5.0;
				TARGETED_DEVICE_FAMILY = "1,2";
				TEST_HOST = "$(BUILT_PRODUCTS_DIR)/hack_iOS.app/hack_iOS";
			};
			name = Debug;
		};
		6A1EFBE125F66AE700D7539C /* Release */ = {
			isa = XCBuildConfiguration;
			baseConfigurationReference = DD4104D3BCB8E456EEF1F998 /* Pods-hack_iOSTests.release.xcconfig */;
			buildSettings = {
				ALWAYS_EMBED_SWIFT_STANDARD_LIBRARIES = YES;
				BUNDLE_LOADER = "$(TEST_HOST)";
				CODE_SIGN_STYLE = Automatic;
				DEVELOPMENT_TEAM = H24YQ27P27;
				INFOPLIST_FILE = hack_iOSTests/Info.plist;
				IPHONEOS_DEPLOYMENT_TARGET = 14.4;
				LD_RUNPATH_SEARCH_PATHS = (
					"$(inherited)",
					"@executable_path/Frameworks",
					"@loader_path/Frameworks",
				);
				PRODUCT_BUNDLE_IDENTIFIER = "com.taisei-yamane.hack-iOSTests";
				PRODUCT_NAME = "$(TARGET_NAME)";
				SWIFT_VERSION = 5.0;
				TARGETED_DEVICE_FAMILY = "1,2";
				TEST_HOST = "$(BUILT_PRODUCTS_DIR)/hack_iOS.app/hack_iOS";
			};
			name = Release;
		};
		6A1EFBE325F66AE700D7539C /* Debug */ = {
			isa = XCBuildConfiguration;
			baseConfigurationReference = 292634776031DC238F354DE5 /* Pods-hack_iOS-hack_iOSUITests.debug.xcconfig */;
			buildSettings = {
				ALWAYS_EMBED_SWIFT_STANDARD_LIBRARIES = YES;
				CODE_SIGN_STYLE = Automatic;
				DEVELOPMENT_TEAM = H24YQ27P27;
				INFOPLIST_FILE = hack_iOSUITests/Info.plist;
				LD_RUNPATH_SEARCH_PATHS = (
					"$(inherited)",
					"@executable_path/Frameworks",
					"@loader_path/Frameworks",
				);
				PRODUCT_BUNDLE_IDENTIFIER = "com.taisei-yamane.hack-iOSUITests";
				PRODUCT_NAME = "$(TARGET_NAME)";
				SWIFT_VERSION = 5.0;
				TARGETED_DEVICE_FAMILY = "1,2";
				TEST_TARGET_NAME = hack_iOS;
			};
			name = Debug;
		};
		6A1EFBE425F66AE700D7539C /* Release */ = {
			isa = XCBuildConfiguration;
			baseConfigurationReference = 7D95959483D04B487D6C22C3 /* Pods-hack_iOS-hack_iOSUITests.release.xcconfig */;
			buildSettings = {
				ALWAYS_EMBED_SWIFT_STANDARD_LIBRARIES = YES;
				CODE_SIGN_STYLE = Automatic;
				DEVELOPMENT_TEAM = H24YQ27P27;
				INFOPLIST_FILE = hack_iOSUITests/Info.plist;
				LD_RUNPATH_SEARCH_PATHS = (
					"$(inherited)",
					"@executable_path/Frameworks",
					"@loader_path/Frameworks",
				);
				PRODUCT_BUNDLE_IDENTIFIER = "com.taisei-yamane.hack-iOSUITests";
				PRODUCT_NAME = "$(TARGET_NAME)";
				SWIFT_VERSION = 5.0;
				TARGETED_DEVICE_FAMILY = "1,2";
				TEST_TARGET_NAME = hack_iOS;
			};
			name = Release;
		};
/* End XCBuildConfiguration section */

/* Begin XCConfigurationList section */
		6A1EFBAD25F66AE600D7539C /* Build configuration list for PBXProject "hack_iOS" */ = {
			isa = XCConfigurationList;
			buildConfigurations = (
				6A1EFBDA25F66AE700D7539C /* Debug */,
				6A1EFBDB25F66AE700D7539C /* Release */,
			);
			defaultConfigurationIsVisible = 0;
			defaultConfigurationName = Release;
		};
		6A1EFBDC25F66AE700D7539C /* Build configuration list for PBXNativeTarget "hack_iOS" */ = {
			isa = XCConfigurationList;
			buildConfigurations = (
				6A1EFBDD25F66AE700D7539C /* Debug */,
				6A1EFBDE25F66AE700D7539C /* Release */,
			);
			defaultConfigurationIsVisible = 0;
			defaultConfigurationName = Release;
		};
		6A1EFBDF25F66AE700D7539C /* Build configuration list for PBXNativeTarget "hack_iOSTests" */ = {
			isa = XCConfigurationList;
			buildConfigurations = (
				6A1EFBE025F66AE700D7539C /* Debug */,
				6A1EFBE125F66AE700D7539C /* Release */,
			);
			defaultConfigurationIsVisible = 0;
			defaultConfigurationName = Release;
		};
		6A1EFBE225F66AE700D7539C /* Build configuration list for PBXNativeTarget "hack_iOSUITests" */ = {
			isa = XCConfigurationList;
			buildConfigurations = (
				6A1EFBE325F66AE700D7539C /* Debug */,
				6A1EFBE425F66AE700D7539C /* Release */,
			);
			defaultConfigurationIsVisible = 0;
			defaultConfigurationName = Release;
		};
/* End XCConfigurationList section */
	};
	rootObject = 6A1EFBAA25F66AE600D7539C /* Project object */;
}
